
Microsoft Visual Studio Solution File, Format Version 12.00
# Visual Studio 15
VisualStudioVersion = 15.0.27703.2042
MinimumVisualStudioVersion = 10.0.40219.1
Project("{FAE04EC0-301F-11D3-BF4B-00C04F79EFBC}") = "TS.TypedId", "TS.TypedId\TS.TypedId.csproj", "{6872CADB-E43A-42CE-A511-E474A60AF508}"
EndProject
Project("{FAE04EC0-301F-11D3-BF4B-00C04F79EFBC}") = "TS.TypedId.Test", "TS.TypedId.Test\TS.TypedId.Test.csproj", "{018EA5B9-4F33-4704-99C6-4E7A601A9DFD}"
EndProject
Global
	GlobalSection(SolutionConfigurationPlatforms) = preSolution
		Debug|Any CPU = Debug|Any CPU
		Release|Any CPU = Release|Any CPU
	EndGlobalSection
	GlobalSection(ProjectConfigurationPlatforms) = postSolution
		{6872CADB-E43A-42CE-A511-E474A60AF508}.Debug|Any CPU.ActiveCfg = Debug|Any CPU
		{6872CADB-E43A-42CE-A511-E474A60AF508}.Debug|Any CPU.Build.0 = Debug|Any CPU
		{6872CADB-E43A-42CE-A511-E474A60AF508}.Release|Any CPU.ActiveCfg = Release|Any CPU
		{6872CADB-E43A-42CE-A511-E474A60AF508}.Release|Any CPU.Build.0 = Release|Any CPU
		{018EA5B9-4F33-4704-99C6-4E7A601A9DFD}.Debug|Any CPU.ActiveCfg = Debug|Any CPU
		{018EA5B9-4F33-4704-99C6-4E7A601A9DFD}.Debug|Any CPU.Build.0 = Debug|Any CPU
		{018EA5B9-4F33-4704-99C6-4E7A601A9DFD}.Release|Any CPU.ActiveCfg = Release|Any CPU
		{018EA5B9-4F33-4704-99C6-4E7A601A9DFD}.Release|Any CPU.Build.0 = Release|Any CPU
	EndGlobalSection
	GlobalSection(SolutionProperties) = preSolution
		HideSolutionNode = FALSE
	EndGlobalSection
	GlobalSection(ExtensibilityGlobals) = postSolution
		SolutionGuid = {7985DF3E-7686-4F9B-AE66-E15BC18E604D}
	EndGlobalSection
EndGlobal
